// !$*UTF8*$!
{
	archiveVersion = 1;
	classes = {
	};
	objectVersion = 50;
	objects = {

/* Begin PBXBuildFile section */
		ED182A0E25347F1E00FB7EA9 /* AppDelegate.swift in Sources */ = {isa = PBXBuildFile; fileRef = ED182A0D25347F1E00FB7EA9 /* AppDelegate.swift */; };
		ED182A1025347F1E00FB7EA9 /* SceneDelegate.swift in Sources */ = {isa = PBXBuildFile; fileRef = ED182A0F25347F1E00FB7EA9 /* SceneDelegate.swift */; };
		ED182A1225347F1E00FB7EA9 /* WeatherViewController.swift in Sources */ = {isa = PBXBuildFile; fileRef = ED182A1125347F1E00FB7EA9 /* WeatherViewController.swift */; };
		ED182A1525347F1E00FB7EA9 /* Main.storyboard in Resources */ = {isa = PBXBuildFile; fileRef = ED182A1325347F1E00FB7EA9 /* Main.storyboard */; };
		ED182A1725347F2100FB7EA9 /* Assets.xcassets in Resources */ = {isa = PBXBuildFile; fileRef = ED182A1625347F2100FB7EA9 /* Assets.xcassets */; };
		ED182A1A25347F2100FB7EA9 /* LaunchScreen.storyboard in Resources */ = {isa = PBXBuildFile; fileRef = ED182A1825347F2100FB7EA9 /* LaunchScreen.storyboard */; };
		ED182A382534947A00FB7EA9 /* Extensions.swift in Sources */ = {isa = PBXBuildFile; fileRef = ED182A372534947A00FB7EA9 /* Extensions.swift */; };
/* End PBXBuildFile section */

/* Begin PBXFileReference section */
		ED182A0A25347F1E00FB7EA9 /* Weather.app */ = {isa = PBXFileReference; explicitFileType = wrapper.application; includeInIndex = 0; path = Weather.app; sourceTree = BUILT_PRODUCTS_DIR; };
		ED182A0D25347F1E00FB7EA9 /* AppDelegate.swift */ = {isa = PBXFileReference; lastKnownFileType = sourcecode.swift; path = AppDelegate.swift; sourceTree = "<group>"; };
		ED182A0F25347F1E00FB7EA9 /* SceneDelegate.swift */ = {isa = PBXFileReference; lastKnownFileType = sourcecode.swift; path = SceneDelegate.swift; sourceTree = "<group>"; };
		ED182A1125347F1E00FB7EA9 /* WeatherViewController.swift */ = {isa = PBXFileReference; lastKnownFileType = sourcecode.swift; path = WeatherViewController.swift; sourceTree = "<group>"; };
		ED182A1425347F1E00FB7EA9 /* Base */ = {isa = PBXFileReference; lastKnownFileType = file.storyboard; name = Base; path = Base.lproj/Main.storyboard; sourceTree = "<group>"; };
		ED182A1625347F2100FB7EA9 /* Assets.xcassets */ = {isa = PBXFileReference; lastKnownFileType = folder.assetcatalog; path = Assets.xcassets; sourceTree = "<group>"; };
		ED182A1925347F2100FB7EA9 /* Base */ = {isa = PBXFileReference; lastKnownFileType = file.storyboard; name = Base; path = Base.lproj/LaunchScreen.storyboard; sourceTree = "<group>"; };
		ED182A1B25347F2100FB7EA9 /* Info.plist */ = {isa = PBXFileReference; lastKnownFileType = text.plist.xml; path = Info.plist; sourceTree = "<group>"; };
		ED182A372534947A00FB7EA9 /* Extensions.swift */ = {isa = PBXFileReference; lastKnownFileType = sourcecode.swift; path = Extensions.swift; sourceTree = "<group>"; };
/* End PBXFileReference section */

/* Begin PBXFrameworksBuildPhase section */
		ED182A0725347F1E00FB7EA9 /* Frameworks */ = {
			isa = PBXFrameworksBuildPhase;
			buildActionMask = 2147483647;
			files = (
			);
			runOnlyForDeploymentPostprocessing = 0;
		};
/* End PBXFrameworksBuildPhase section */

/* Begin PBXGroup section */
		ED182A0125347F1E00FB7EA9 = {
			isa = PBXGroup;
			children = (
				ED182A0C25347F1E00FB7EA9 /* Weather */,
				ED182A0B25347F1E00FB7EA9 /* Products */,
			);
			sourceTree = "<group>";
		};
		ED182A0B25347F1E00FB7EA9 /* Products */ = {
			isa = PBXGroup;
			children = (
				ED182A0A25347F1E00FB7EA9 /* Weather.app */,
			);
			name = Products;
			sourceTree = "<group>";
		};
		ED182A0C25347F1E00FB7EA9 /* Weather */ = {
			isa = PBXGroup;
			children = (
				ED182A272534870700FB7EA9 /* Resources */,
				ED182A2A25348D6300FB7EA9 /* Models */,
				ED182A2B25348D7600FB7EA9 /* Views */,
				ED182A2D25348DB900FB7EA9 /* Controllers */,
				ED182A1B25347F2100FB7EA9 /* Info.plist */,
			);
			path = Weather;
			sourceTree = "<group>";
		};
		ED182A272534870700FB7EA9 /* Resources */ = {
			isa = PBXGroup;
			children = (
				ED182A0D25347F1E00FB7EA9 /* AppDelegate.swift */,
				ED182A0F25347F1E00FB7EA9 /* SceneDelegate.swift */,
				ED182A372534947A00FB7EA9 /* Extensions.swift */,
			);
			path = Resources;
			sourceTree = "<group>";
		};
		ED182A2A25348D6300FB7EA9 /* Models */ = {
			isa = PBXGroup;
			children = (
			);
			path = Models;
			sourceTree = "<group>";
		};
		ED182A2B25348D7600FB7EA9 /* Views */ = {
			isa = PBXGroup;
			children = (
				ED182A2C25348D8200FB7EA9 /* Storyboards */,
				ED182A1625347F2100FB7EA9 /* Assets.xcassets */,
			);
			path = Views;
			sourceTree = "<group>";
		};
		ED182A2C25348D8200FB7EA9 /* Storyboards */ = {
			isa = PBXGroup;
			children = (
				ED182A1325347F1E00FB7EA9 /* Main.storyboard */,
				ED182A1825347F2100FB7EA9 /* LaunchScreen.storyboard */,
			);
			path = Storyboards;
			sourceTree = "<group>";
		};
		ED182A2D25348DB900FB7EA9 /* Controllers */ = {
			isa = PBXGroup;
			children = (
				ED182A1125347F1E00FB7EA9 /* WeatherViewController.swift */,
			);
			path = Controllers;
			sourceTree = "<group>";
		};
/* End PBXGroup section */

/* Begin PBXNativeTarget section */
		ED182A0925347F1E00FB7EA9 /* Weather */ = {
			isa = PBXNativeTarget;
			buildConfigurationList = ED182A1E25347F2100FB7EA9 /* Build configuration list for PBXNativeTarget "Weather" */;
			buildPhases = (
				ED182A0625347F1E00FB7EA9 /* Sources */,
				ED182A0725347F1E00FB7EA9 /* Frameworks */,
				ED182A0825347F1E00FB7EA9 /* Resources */,
			);
			buildRules = (
			);
			dependencies = (
			);
			name = Weather;
			productName = Weather;
			productReference = ED182A0A25347F1E00FB7EA9 /* Weather.app */;
			productType = "com.apple.product-type.application";
		};
/* End PBXNativeTarget section */

/* Begin PBXProject section */
		ED182A0225347F1E00FB7EA9 /* Project object */ = {
			isa = PBXProject;
			attributes = {
				LastSwiftUpdateCheck = 1200;
				LastUpgradeCheck = 1200;
				TargetAttributes = {
					ED182A0925347F1E00FB7EA9 = {
						CreatedOnToolsVersion = 12.0;
					};
				};
			};
			buildConfigurationList = ED182A0525347F1E00FB7EA9 /* Build configuration list for PBXProject "Weather" */;
			compatibilityVersion = "Xcode 9.3";
			developmentRegion = en;
			hasScannedForEncodings = 0;
			knownRegions = (
				en,
				Base,
			);
			mainGroup = ED182A0125347F1E00FB7EA9;
			productRefGroup = ED182A0B25347F1E00FB7EA9 /* Products */;
			projectDirPath = "";
			projectRoot = "";
			targets = (
				ED182A0925347F1E00FB7EA9 /* Weather */,
			);
		};
/* End PBXProject section */

/* Begin PBXResourcesBuildPhase section */
		ED182A0825347F1E00FB7EA9 /* Resources */ = {
			isa = PBXResourcesBuildPhase;
			buildActionMask = 2147483647;
			files = (
				ED182A1A25347F2100FB7EA9 /* LaunchScreen.storyboard in Resources */,
				ED182A1725347F2100FB7EA9 /* Assets.xcassets in Resources */,
				ED182A1525347F1E00FB7EA9 /* Main.storyboard in Resources */,
			);
			runOnlyForDeploymentPostprocessing = 0;
		};
/* End PBXResourcesBuildPhase section */

/* Begin PBXSourcesBuildPhase section */
		ED182A0625347F1E00FB7EA9 /* Sources */ = {
			isa = PBXSourcesBuildPhase;
			buildActionMask = 2147483647;
			files = (
				ED182A1225347F1E00FB7EA9 /* WeatherViewController.swift in Sources */,
				ED182A0E25347F1E00FB7EA9 /* AppDelegate.swift in Sources */,
				ED182A1025347F1E00FB7EA9 /* SceneDelegate.swift in Sources */,
				ED182A382534947A00FB7EA9 /* Extensions.swift in Sources */,
			);
			runOnlyForDeploymentPostprocessing = 0;
		};
/* End PBXSourcesBuildPhase section */

/* Begin PBXVariantGroup section */
		ED182A1325347F1E00FB7EA9 /* Main.storyboard */ = {
			isa = PBXVariantGroup;
			children = (
				ED182A1425347F1E00FB7EA9 /* Base */,
			);
			name = Main.storyboard;
			sourceTree = "<group>";
		};
		ED182A1825347F2100FB7EA9 /* LaunchScreen.storyboard */ = {
			isa = PBXVariantGroup;
			children = (
				ED182A1925347F2100FB7EA9 /* Base */,
			);
			name = LaunchScreen.storyboard;
			sourceTree = "<group>";
		};
/* End PBXVariantGroup section */

/* Begin XCBuildConfiguration section */
		ED182A1C25347F2100FB7EA9 /* Debug */ = {
			isa = XCBuildConfiguration;
			buildSettings = {
				ALWAYS_SEARCH_USER_PATHS = NO;
				CLANG_ANALYZER_NONNULL = YES;
				CLANG_ANALYZER_NUMBER_OBJECT_CONVERSION = YES_AGGRESSIVE;
				CLANG_CXX_LANGUAGE_STANDARD = "gnu++14";
				CLANG_CXX_LIBRARY = "libc++";
				CLANG_ENABLE_MODULES = YES;
				CLANG_ENABLE_OBJC_ARC = YES;
				CLANG_ENABLE_OBJC_WEAK = YES;
				CLANG_WARN_BLOCK_CAPTURE_AUTORELEASING = YES;
				CLANG_WARN_BOOL_CONVERSION = YES;
				CLANG_WARN_COMMA = YES;
				CLANG_WARN_CONSTANT_CONVERSION = YES;
				CLANG_WARN_DEPRECATED_OBJC_IMPLEMENTATIONS = YES;
				CLANG_WARN_DIRECT_OBJC_ISA_USAGE = YES_ERROR;
				CLANG_WARN_DOCUMENTATION_COMMENTS = YES;
				CLANG_WARN_EMPTY_BODY = YES;
				CLANG_WARN_ENUM_CONVERSION = YES;
				CLANG_WARN_INFINITE_RECURSION = YES;
				CLANG_WARN_INT_CONVERSION = YES;
				CLANG_WARN_NON_LITERAL_NULL_CONVERSION = YES;
				CLANG_WARN_OBJC_IMPLICIT_RETAIN_SELF = YES;
				CLANG_WARN_OBJC_LITERAL_CONVERSION = YES;
				CLANG_WARN_OBJC_ROOT_CLASS = YES_ERROR;
				CLANG_WARN_QUOTED_INCLUDE_IN_FRAMEWORK_HEADER = YES;
				CLANG_WARN_RANGE_LOOP_ANALYSIS = YES;
				CLANG_WARN_STRICT_PROTOTYPES = YES;
				CLANG_WARN_SUSPICIOUS_MOVE = YES;
				CLANG_WARN_UNGUARDED_AVAILABILITY = YES_AGGRESSIVE;
				CLANG_WARN_UNREACHABLE_CODE = YES;
				CLANG_WARN__DUPLICATE_METHOD_MATCH = YES;
				COPY_PHASE_STRIP = NO;
				DEBUG_INFORMATION_FORMAT = dwarf;
				ENABLE_STRICT_OBJC_MSGSEND = YES;
				ENABLE_TESTABILITY = YES;
				GCC_C_LANGUAGE_STANDARD = gnu11;
				GCC_DYNAMIC_NO_PIC = NO;
				GCC_NO_COMMON_BLOCKS = YES;
				GCC_OPTIMIZATION_LEVEL = 0;
				GCC_PREPROCESSOR_DEFINITIONS = (
					"DEBUG=1",
					"$(inherited)",
				);
				GCC_WARN_64_TO_32_BIT_CONVERSION = YES;
				GCC_WARN_ABOUT_RETURN_TYPE = YES_ERROR;
				GCC_WARN_UNDECLARED_SELECTOR = YES;
				GCC_WARN_UNINITIALIZED_AUTOS = YES_AGGRESSIVE;
				GCC_WARN_UNUSED_FUNCTION = YES;
				GCC_WARN_UNUSED_VARIABLE = YES;
				IPHONEOS_DEPLOYMENT_TARGET = 14.0;
				MTL_ENABLE_DEBUG_INFO = INCLUDE_SOURCE;
				MTL_FAST_MATH = YES;
				ONLY_ACTIVE_ARCH = YES;
				SDKROOT = iphoneos;
				SWIFT_ACTIVE_COMPILATION_CONDITIONS = DEBUG;
				SWIFT_OPTIMIZATION_LEVEL = "-Onone";
			};
			name = Debug;
		};
		ED182A1D25347F2100FB7EA9 /* Release */ = {
			isa = XCBuildConfiguration;
			buildSettings = {
				ALWAYS_SEARCH_USER_PATHS = NO;
				CLANG_ANALYZER_NONNULL = YES;
				CLANG_ANALYZER_NUMBER_OBJECT_CONVERSION = YES_AGGRESSIVE;
				CLANG_CXX_LANGUAGE_STANDARD = "gnu++14";
				CLANG_CXX_LIBRARY = "libc++";
				CLANG_ENABLE_MODULES = YES;
				CLANG_ENABLE_OBJC_ARC = YES;
				CLANG_ENABLE_OBJC_WEAK = YES;
				CLANG_WARN_BLOCK_CAPTURE_AUTORELEASING = YES;
				CLANG_WARN_BOOL_CONVERSION = YES;
				CLANG_WARN_COMMA = YES;
				CLANG_WARN_CONSTANT_CONVERSION = YES;
				CLANG_WARN_DEPRECATED_OBJC_IMPLEMENTATIONS = YES;
				CLANG_WARN_DIRECT_OBJC_ISA_USAGE = YES_ERROR;
				CLANG_WARN_DOCUMENTATION_COMMENTS = YES;
				CLANG_WARN_EMPTY_BODY = YES;
				CLANG_WARN_ENUM_CONVERSION = YES;
				CLANG_WARN_INFINITE_RECURSION = YES;
				CLANG_WARN_INT_CONVERSION = YES;
				CLANG_WARN_NON_LITERAL_NULL_CONVERSION = YES;
				CLANG_WARN_OBJC_IMPLICIT_RETAIN_SELF = YES;
				CLANG_WARN_OBJC_LITERAL_CONVERSION = YES;
				CLANG_WARN_OBJC_ROOT_CLASS = YES_ERROR;
				CLANG_WARN_QUOTED_INCLUDE_IN_FRAMEWORK_HEADER = YES;
				CLANG_WARN_RANGE_LOOP_ANALYSIS = YES;
				CLANG_WARN_STRICT_PROTOTYPES = YES;
				CLANG_WARN_SUSPICIOUS_MOVE = YES;
				CLANG_WARN_UNGUARDED_AVAILABILITY = YES_AGGRESSIVE;
				CLANG_WARN_UNREACHABLE_CODE = YES;
				CLANG_WARN__DUPLICATE_METHOD_MATCH = YES;
				COPY_PHASE_STRIP = NO;
				DEBUG_INFORMATION_FORMAT = "dwarf-with-dsym";
				ENABLE_NS_ASSERTIONS = NO;
				ENABLE_STRICT_OBJC_MSGSEND = YES;
				GCC_C_LANGUAGE_STANDARD = gnu11;
				GCC_NO_COMMON_BLOCKS = YES;
				GCC_WARN_64_TO_32_BIT_CONVERSION = YES;
				GCC_WARN_ABOUT_RETURN_TYPE = YES_ERROR;
				GCC_WARN_UNDECLARED_SELECTOR = YES;
				GCC_WARN_UNINITIALIZED_AUTOS = YES_AGGRESSIVE;
				GCC_WARN_UNUSED_FUNCTION = YES;
				GCC_WARN_UNUSED_VARIABLE = YES;
				IPHONEOS_DEPLOYMENT_TARGET = 14.0;
				MTL_ENABLE_DEBUG_INFO = NO;
				MTL_FAST_MATH = YES;
				SDKROOT = iphoneos;
				SWIFT_COMPILATION_MODE = wholemodule;
				SWIFT_OPTIMIZATION_LEVEL = "-O";
				VALIDATE_PRODUCT = YES;
			};
			name = Release;
		};
		ED182A1F25347F2100FB7EA9 /* Debug */ = {
			isa = XCBuildConfiguration;
			buildSettings = {
				ASSETCATALOG_COMPILER_APPICON_NAME = AppIcon;
				ASSETCATALOG_COMPILER_GLOBAL_ACCENT_COLOR_NAME = AccentColor;
				CODE_SIGN_STYLE = Automatic;
				DEVELOPMENT_TEAM = R29M9PZPMH;
				INFOPLIST_FILE = Weather/Info.plist;
				LD_RUNPATH_SEARCH_PATHS = (
					"$(inherited)",
					"@executable_path/Frameworks",
				);
				PRODUCT_BUNDLE_IDENTIFIER = com.diana.Weather;
				PRODUCT_NAME = "$(TARGET_NAME)";
				SWIFT_VERSION = 5.0;
				TARGETED_DEVICE_FAMILY = "1,2";
			};
			name = Debug;
		};
		ED182A2025347F2100FB7EA9 /* Release */ = {
			isa = XCBuildConfiguration;
			buildSettings = {
				ASSETCATALOG_COMPILER_APPICON_NAME = AppIcon;
				ASSETCATALOG_COMPILER_GLOBAL_ACCENT_COLOR_NAME = AccentColor;
				CODE_SIGN_STYLE = Automatic;
				DEVELOPMENT_TEAM = R29M9PZPMH;
				INFOPLIST_FILE = Weather/Info.plist;
				LD_RUNPATH_SEARCH_PATHS = (
					"$(inherited)",
					"@executable_path/Frameworks",
				);
				PRODUCT_BUNDLE_IDENTIFIER = com.diana.Weather;
				PRODUCT_NAME = "$(TARGET_NAME)";
				SWIFT_VERSION = 5.0;
				TARGETED_DEVICE_FAMILY = "1,2";
			};
			name = Release;
		};
/* End XCBuildConfiguration section */

/* Begin XCConfigurationList section */
		ED182A0525347F1E00FB7EA9 /* Build configuration list for PBXProject "Weather" */ = {
			isa = XCConfigurationList;
			buildConfigurations = (
				ED182A1C25347F2100FB7EA9 /* Debug */,
				ED182A1D25347F2100FB7EA9 /* Release */,
			);
			defaultConfigurationIsVisible = 0;
			defaultConfigurationName = Release;
		};
		ED182A1E25347F2100FB7EA9 /* Build configuration list for PBXNativeTarget "Weather" */ = {
			isa = XCConfigurationList;
			buildConfigurations = (
				ED182A1F25347F2100FB7EA9 /* Debug */,
				ED182A2025347F2100FB7EA9 /* Release */,
			);
			defaultConfigurationIsVisible = 0;
			defaultConfigurationName = Release;
		};
/* End XCConfigurationList section */
	};
	rootObject = ED182A0225347F1E00FB7EA9 /* Project object */;
}
